
Microsoft Visual Studio Solution File, Format Version 12.00
# Visual Studio Version 17
VisualStudioVersion = 17.4.33213.308
MinimumVisualStudioVersion = 10.0.40219.1
Project("{FAE04EC0-301F-11D3-BF4B-00C04F79EFBC}") = "hw7", "hw7.csproj", "{558FDDF3-DBE5-4143-B9FA-7E6F63662BEA}"
EndProject
Global
	GlobalSection(SolutionConfigurationPlatforms) = preSolution
		Debug|Any CPU = Debug|Any CPU
		Release|Any CPU = Release|Any CPU
	EndGlobalSection
	GlobalSection(ProjectConfigurationPlatforms) = postSolution
		{558FDDF3-DBE5-4143-B9FA-7E6F63662BEA}.Debug|Any CPU.ActiveCfg = Debug|Any CPU
		{558FDDF3-DBE5-4143-B9FA-7E6F63662BEA}.Debug|Any CPU.Build.0 = Debug|Any CPU
		{558FDDF3-DBE5-4143-B9FA-7E6F63662BEA}.Release|Any CPU.ActiveCfg = Release|Any CPU
		{558FDDF3-DBE5-4143-B9FA-7E6F63662BEA}.Release|Any CPU.Build.0 = Release|Any CPU
	EndGlobalSection
	GlobalSection(SolutionProperties) = preSolution
		HideSolutionNode = FALSE
	EndGlobalSection
	GlobalSection(ExtensibilityGlobals) = postSolution
		SolutionGuid = {90AD63DB-CC80-4E73-99D0-BD47D5EE81A8}
	EndGlobalSection
EndGlobal
